// !$*UTF8*$!
{
	archiveVersion = 1;
	classes = {
	};
	objectVersion = 46;
	objects = {

/* Begin PBXBuildFile section */
		3A5C5F651C5081350036F785 /* AppDelegate.swift in Sources */ = {isa = PBXBuildFile; fileRef = 3A5C5F641C5081350036F785 /* AppDelegate.swift */; };
		3A5C5F671C5081350036F785 /* ViewController.swift in Sources */ = {isa = PBXBuildFile; fileRef = 3A5C5F661C5081350036F785 /* ViewController.swift */; };
		3A5C5F6A1C5081350036F785 /* Main.storyboard in Resources */ = {isa = PBXBuildFile; fileRef = 3A5C5F681C5081350036F785 /* Main.storyboard */; };
		3A5C5F6C1C5081350036F785 /* Assets.xcassets in Resources */ = {isa = PBXBuildFile; fileRef = 3A5C5F6B1C5081350036F785 /* Assets.xcassets */; };
		3A5C5F6F1C5081350036F785 /* LaunchScreen.storyboard in Resources */ = {isa = PBXBuildFile; fileRef = 3A5C5F6D1C5081350036F785 /* LaunchScreen.storyboard */; };
		3A5C5F7A1C5081350036F785 /* PhluxTests.swift in Sources */ = {isa = PBXBuildFile; fileRef = 3A5C5F791C5081350036F785 /* PhluxTests.swift */; };
		3A5C5F851C5081350036F785 /* PhluxUITests.swift in Sources */ = {isa = PBXBuildFile; fileRef = 3A5C5F841C5081350036F785 /* PhluxUITests.swift */; };
/* End PBXBuildFile section */

/* Begin PBXContainerItemProxy section */
		3A5C5F761C5081350036F785 /* PBXContainerItemProxy */ = {
			isa = PBXContainerItemProxy;
			containerPortal = 3A5C5F591C5081350036F785 /* Project object */;
			proxyType = 1;
			remoteGlobalIDString = 3A5C5F601C5081350036F785;
			remoteInfo = Phlux;
		};
		3A5C5F811C5081350036F785 /* PBXContainerItemProxy */ = {
			isa = PBXContainerItemProxy;
			containerPortal = 3A5C5F591C5081350036F785 /* Project object */;
			proxyType = 1;
			remoteGlobalIDString = 3A5C5F601C5081350036F785;
			remoteInfo = Phlux;
		};
/* End PBXContainerItemProxy section */

/* Begin PBXFileReference section */
		3A5C5F611C5081350036F785 /* Phlux.app */ = {isa = PBXFileReference; explicitFileType = wrapper.application; includeInIndex = 0; path = Phlux.app; sourceTree = BUILT_PRODUCTS_DIR; };
		3A5C5F641C5081350036F785 /* AppDelegate.swift */ = {isa = PBXFileReference; lastKnownFileType = sourcecode.swift; path = AppDelegate.swift; sourceTree = "<group>"; };
		3A5C5F661C5081350036F785 /* ViewController.swift */ = {isa = PBXFileReference; lastKnownFileType = sourcecode.swift; path = ViewController.swift; sourceTree = "<group>"; };
		3A5C5F691C5081350036F785 /* Base */ = {isa = PBXFileReference; lastKnownFileType = file.storyboard; name = Base; path = Base.lproj/Main.storyboard; sourceTree = "<group>"; };
		3A5C5F6B1C5081350036F785 /* Assets.xcassets */ = {isa = PBXFileReference; lastKnownFileType = folder.assetcatalog; path = Assets.xcassets; sourceTree = "<group>"; };
		3A5C5F6E1C5081350036F785 /* Base */ = {isa = PBXFileReference; lastKnownFileType = file.storyboard; name = Base; path = Base.lproj/LaunchScreen.storyboard; sourceTree = "<group>"; };
		3A5C5F701C5081350036F785 /* Info.plist */ = {isa = PBXFileReference; lastKnownFileType = text.plist.xml; path = Info.plist; sourceTree = "<group>"; };
		3A5C5F751C5081350036F785 /* PhluxTests.xctest */ = {isa = PBXFileReference; explicitFileType = wrapper.cfbundle; includeInIndex = 0; path = PhluxTests.xctest; sourceTree = BUILT_PRODUCTS_DIR; };
		3A5C5F791C5081350036F785 /* PhluxTests.swift */ = {isa = PBXFileReference; lastKnownFileType = sourcecode.swift; path = PhluxTests.swift; sourceTree = "<group>"; };
		3A5C5F7B1C5081350036F785 /* Info.plist */ = {isa = PBXFileReference; lastKnownFileType = text.plist.xml; path = Info.plist; sourceTree = "<group>"; };
		3A5C5F801C5081350036F785 /* PhluxUITests.xctest */ = {isa = PBXFileReference; explicitFileType = wrapper.cfbundle; includeInIndex = 0; path = PhluxUITests.xctest; sourceTree = BUILT_PRODUCTS_DIR; };
		3A5C5F841C5081350036F785 /* PhluxUITests.swift */ = {isa = PBXFileReference; lastKnownFileType = sourcecode.swift; path = PhluxUITests.swift; sourceTree = "<group>"; };
		3A5C5F861C5081350036F785 /* Info.plist */ = {isa = PBXFileReference; lastKnownFileType = text.plist.xml; path = Info.plist; sourceTree = "<group>"; };
/* End PBXFileReference section */

/* Begin PBXFrameworksBuildPhase section */
		3A5C5F5E1C5081350036F785 /* Frameworks */ = {
			isa = PBXFrameworksBuildPhase;
			buildActionMask = 2147483647;
			files = (
			);
			runOnlyForDeploymentPostprocessing = 0;
		};
		3A5C5F721C5081350036F785 /* Frameworks */ = {
			isa = PBXFrameworksBuildPhase;
			buildActionMask = 2147483647;
			files = (
			);
			runOnlyForDeploymentPostprocessing = 0;
		};
		3A5C5F7D1C5081350036F785 /* Frameworks */ = {
			isa = PBXFrameworksBuildPhase;
			buildActionMask = 2147483647;
			files = (
			);
			runOnlyForDeploymentPostprocessing = 0;
		};
/* End PBXFrameworksBuildPhase section */

/* Begin PBXGroup section */
		3A5C5F581C5081350036F785 = {
			isa = PBXGroup;
			children = (
				3A5C5F631C5081350036F785 /* Phlux */,
				3A5C5F781C5081350036F785 /* PhluxTests */,
				3A5C5F831C5081350036F785 /* PhluxUITests */,
				3A5C5F621C5081350036F785 /* Products */,
			);
			sourceTree = "<group>";
		};
		3A5C5F621C5081350036F785 /* Products */ = {
			isa = PBXGroup;
			children = (
				3A5C5F611C5081350036F785 /* Phlux.app */,
				3A5C5F751C5081350036F785 /* PhluxTests.xctest */,
				3A5C5F801C5081350036F785 /* PhluxUITests.xctest */,
			);
			name = Products;
			sourceTree = "<group>";
		};
		3A5C5F631C5081350036F785 /* Phlux */ = {
			isa = PBXGroup;
			children = (
				3A5C5F641C5081350036F785 /* AppDelegate.swift */,
				3A5C5F661C5081350036F785 /* ViewController.swift */,
				3A5C5F681C5081350036F785 /* Main.storyboard */,
				3A5C5F6B1C5081350036F785 /* Assets.xcassets */,
				3A5C5F6D1C5081350036F785 /* LaunchScreen.storyboard */,
				3A5C5F701C5081350036F785 /* Info.plist */,
			);
			path = Phlux;
			sourceTree = "<group>";
		};
		3A5C5F781C5081350036F785 /* PhluxTests */ = {
			isa = PBXGroup;
			children = (
				3A5C5F791C5081350036F785 /* PhluxTests.swift */,
				3A5C5F7B1C5081350036F785 /* Info.plist */,
			);
			path = PhluxTests;
			sourceTree = "<group>";
		};
		3A5C5F831C5081350036F785 /* PhluxUITests */ = {
			isa = PBXGroup;
			children = (
				3A5C5F841C5081350036F785 /* PhluxUITests.swift */,
				3A5C5F861C5081350036F785 /* Info.plist */,
			);
			path = PhluxUITests;
			sourceTree = "<group>";
		};
/* End PBXGroup section */

/* Begin PBXNativeTarget section */
		3A5C5F601C5081350036F785 /* Phlux */ = {
			isa = PBXNativeTarget;
			buildConfigurationList = 3A5C5F891C5081350036F785 /* Build configuration list for PBXNativeTarget "Phlux" */;
			buildPhases = (
				3A5C5F5D1C5081350036F785 /* Sources */,
				3A5C5F5E1C5081350036F785 /* Frameworks */,
				3A5C5F5F1C5081350036F785 /* Resources */,
			);
			buildRules = (
			);
			dependencies = (
			);
			name = Phlux;
			productName = Phlux;
			productReference = 3A5C5F611C5081350036F785 /* Phlux.app */;
			productType = "com.apple.product-type.application";
		};
		3A5C5F741C5081350036F785 /* PhluxTests */ = {
			isa = PBXNativeTarget;
			buildConfigurationList = 3A5C5F8C1C5081350036F785 /* Build configuration list for PBXNativeTarget "PhluxTests" */;
			buildPhases = (
				3A5C5F711C5081350036F785 /* Sources */,
				3A5C5F721C5081350036F785 /* Frameworks */,
				3A5C5F731C5081350036F785 /* Resources */,
			);
			buildRules = (
			);
			dependencies = (
				3A5C5F771C5081350036F785 /* PBXTargetDependency */,
			);
			name = PhluxTests;
			productName = PhluxTests;
			productReference = 3A5C5F751C5081350036F785 /* PhluxTests.xctest */;
			productType = "com.apple.product-type.bundle.unit-test";
		};
		3A5C5F7F1C5081350036F785 /* PhluxUITests */ = {
			isa = PBXNativeTarget;
			buildConfigurationList = 3A5C5F8F1C5081350036F785 /* Build configuration list for PBXNativeTarget "PhluxUITests" */;
			buildPhases = (
				3A5C5F7C1C5081350036F785 /* Sources */,
				3A5C5F7D1C5081350036F785 /* Frameworks */,
				3A5C5F7E1C5081350036F785 /* Resources */,
			);
			buildRules = (
			);
			dependencies = (
				3A5C5F821C5081350036F785 /* PBXTargetDependency */,
			);
			name = PhluxUITests;
			productName = PhluxUITests;
			productReference = 3A5C5F801C5081350036F785 /* PhluxUITests.xctest */;
			productType = "com.apple.product-type.bundle.ui-testing";
		};
/* End PBXNativeTarget section */

/* Begin PBXProject section */
		3A5C5F591C5081350036F785 /* Project object */ = {
			isa = PBXProject;
			attributes = {
				LastSwiftUpdateCheck = 0720;
				LastUpgradeCheck = 0720;
				ORGANIZATIONNAME = "Phil Henson";
				TargetAttributes = {
					3A5C5F601C5081350036F785 = {
						CreatedOnToolsVersion = 7.2;
					};
					3A5C5F741C5081350036F785 = {
						CreatedOnToolsVersion = 7.2;
						TestTargetID = 3A5C5F601C5081350036F785;
					};
					3A5C5F7F1C5081350036F785 = {
						CreatedOnToolsVersion = 7.2;
						TestTargetID = 3A5C5F601C5081350036F785;
					};
				};
			};
			buildConfigurationList = 3A5C5F5C1C5081350036F785 /* Build configuration list for PBXProject "Phlux" */;
			compatibilityVersion = "Xcode 3.2";
			developmentRegion = English;
			hasScannedForEncodings = 0;
			knownRegions = (
				en,
				Base,
			);
			mainGroup = 3A5C5F581C5081350036F785;
			productRefGroup = 3A5C5F621C5081350036F785 /* Products */;
			projectDirPath = "";
			projectRoot = "";
			targets = (
				3A5C5F601C5081350036F785 /* Phlux */,
				3A5C5F741C5081350036F785 /* PhluxTests */,
				3A5C5F7F1C5081350036F785 /* PhluxUITests */,
			);
		};
/* End PBXProject section */

/* Begin PBXResourcesBuildPhase section */
		3A5C5F5F1C5081350036F785 /* Resources */ = {
			isa = PBXResourcesBuildPhase;
			buildActionMask = 2147483647;
			files = (
				3A5C5F6F1C5081350036F785 /* LaunchScreen.storyboard in Resources */,
				3A5C5F6C1C5081350036F785 /* Assets.xcassets in Resources */,
				3A5C5F6A1C5081350036F785 /* Main.storyboard in Resources */,
			);
			runOnlyForDeploymentPostprocessing = 0;
		};
		3A5C5F731C5081350036F785 /* Resources */ = {
			isa = PBXResourcesBuildPhase;
			buildActionMask = 2147483647;
			files = (
			);
			runOnlyForDeploymentPostprocessing = 0;
		};
		3A5C5F7E1C5081350036F785 /* Resources */ = {
			isa = PBXResourcesBuildPhase;
			buildActionMask = 2147483647;
			files = (
			);
			runOnlyForDeploymentPostprocessing = 0;
		};
/* End PBXResourcesBuildPhase section */

/* Begin PBXSourcesBuildPhase section */
		3A5C5F5D1C5081350036F785 /* Sources */ = {
			isa = PBXSourcesBuildPhase;
			buildActionMask = 2147483647;
			files = (
				3A5C5F671C5081350036F785 /* ViewController.swift in Sources */,
				3A5C5F651C5081350036F785 /* AppDelegate.swift in Sources */,
			);
			runOnlyForDeploymentPostprocessing = 0;
		};
		3A5C5F711C5081350036F785 /* Sources */ = {
			isa = PBXSourcesBuildPhase;
			buildActionMask = 2147483647;
			files = (
				3A5C5F7A1C5081350036F785 /* PhluxTests.swift in Sources */,
			);
			runOnlyForDeploymentPostprocessing = 0;
		};
		3A5C5F7C1C5081350036F785 /* Sources */ = {
			isa = PBXSourcesBuildPhase;
			buildActionMask = 2147483647;
			files = (
				3A5C5F851C5081350036F785 /* PhluxUITests.swift in Sources */,
			);
			runOnlyForDeploymentPostprocessing = 0;
		};
/* End PBXSourcesBuildPhase section */

/* Begin PBXTargetDependency section */
		3A5C5F771C5081350036F785 /* PBXTargetDependency */ = {
			isa = PBXTargetDependency;
			target = 3A5C5F601C5081350036F785 /* Phlux */;
			targetProxy = 3A5C5F761C5081350036F785 /* PBXContainerItemProxy */;
		};
		3A5C5F821C5081350036F785 /* PBXTargetDependency */ = {
			isa = PBXTargetDependency;
			target = 3A5C5F601C5081350036F785 /* Phlux */;
			targetProxy = 3A5C5F811C5081350036F785 /* PBXContainerItemProxy */;
		};
/* End PBXTargetDependency section */

/* Begin PBXVariantGroup section */
		3A5C5F681C5081350036F785 /* Main.storyboard */ = {
			isa = PBXVariantGroup;
			children = (
				3A5C5F691C5081350036F785 /* Base */,
			);
			name = Main.storyboard;
			sourceTree = "<group>";
		};
		3A5C5F6D1C5081350036F785 /* LaunchScreen.storyboard */ = {
			isa = PBXVariantGroup;
			children = (
				3A5C5F6E1C5081350036F785 /* Base */,
			);
			name = LaunchScreen.storyboard;
			sourceTree = "<group>";
		};
/* End PBXVariantGroup section */

/* Begin XCBuildConfiguration section */
		3A5C5F871C5081350036F785 /* Debug */ = {
			isa = XCBuildConfiguration;
			buildSettings = {
				ALWAYS_SEARCH_USER_PATHS = NO;
				CLANG_CXX_LANGUAGE_STANDARD = "gnu++0x";
				CLANG_CXX_LIBRARY = "libc++";
				CLANG_ENABLE_MODULES = YES;
				CLANG_ENABLE_OBJC_ARC = YES;
				CLANG_WARN_BOOL_CONVERSION = YES;
				CLANG_WARN_CONSTANT_CONVERSION = YES;
				CLANG_WARN_DIRECT_OBJC_ISA_USAGE = YES_ERROR;
				CLANG_WARN_EMPTY_BODY = YES;
				CLANG_WARN_ENUM_CONVERSION = YES;
				CLANG_WARN_INT_CONVERSION = YES;
				CLANG_WARN_OBJC_ROOT_CLASS = YES_ERROR;
				CLANG_WARN_UNREACHABLE_CODE = YES;
				CLANG_WARN__DUPLICATE_METHOD_MATCH = YES;
				"CODE_SIGN_IDENTITY[sdk=iphoneos*]" = "iPhone Developer";
				COPY_PHASE_STRIP = NO;
				DEBUG_INFORMATION_FORMAT = dwarf;
				ENABLE_STRICT_OBJC_MSGSEND = YES;
				ENABLE_TESTABILITY = YES;
				GCC_C_LANGUAGE_STANDARD = gnu99;
				GCC_DYNAMIC_NO_PIC = NO;
				GCC_NO_COMMON_BLOCKS = YES;
				GCC_OPTIMIZATION_LEVEL = 0;
				GCC_PREPROCESSOR_DEFINITIONS = (
					"DEBUG=1",
					"$(inherited)",
				);
				GCC_WARN_64_TO_32_BIT_CONVERSION = YES;
				GCC_WARN_ABOUT_RETURN_TYPE = YES_ERROR;
				GCC_WARN_UNDECLARED_SELECTOR = YES;
				GCC_WARN_UNINITIALIZED_AUTOS = YES_AGGRESSIVE;
				GCC_WARN_UNUSED_FUNCTION = YES;
				GCC_WARN_UNUSED_VARIABLE = YES;
				IPHONEOS_DEPLOYMENT_TARGET = 9.2;
				MTL_ENABLE_DEBUG_INFO = YES;
				ONLY_ACTIVE_ARCH = YES;
				SDKROOT = iphoneos;
				SWIFT_OPTIMIZATION_LEVEL = "-Onone";
				TARGETED_DEVICE_FAMILY = "1,2";
			};
			name = Debug;
		};
		3A5C5F881C5081350036F785 /* Release */ = {
			isa = XCBuildConfiguration;
			buildSettings = {
				ALWAYS_SEARCH_USER_PATHS = NO;
				CLANG_CXX_LANGUAGE_STANDARD = "gnu++0x";
				CLANG_CXX_LIBRARY = "libc++";
				CLANG_ENABLE_MODULES = YES;
				CLANG_ENABLE_OBJC_ARC = YES;
				CLANG_WARN_BOOL_CONVERSION = YES;
				CLANG_WARN_CONSTANT_CONVERSION = YES;
				CLANG_WARN_DIRECT_OBJC_ISA_USAGE = YES_ERROR;
				CLANG_WARN_EMPTY_BODY = YES;
				CLANG_WARN_ENUM_CONVERSION = YES;
				CLANG_WARN_INT_CONVERSION = YES;
				CLANG_WARN_OBJC_ROOT_CLASS = YES_ERROR;
				CLANG_WARN_UNREACHABLE_CODE = YES;
				CLANG_WARN__DUPLICATE_METHOD_MATCH = YES;
				"CODE_SIGN_IDENTITY[sdk=iphoneos*]" = "iPhone Developer";
				COPY_PHASE_STRIP = NO;
				DEBUG_INFORMATION_FORMAT = "dwarf-with-dsym";
				ENABLE_NS_ASSERTIONS = NO;
				ENABLE_STRICT_OBJC_MSGSEND = YES;
				GCC_C_LANGUAGE_STANDARD = gnu99;
				GCC_NO_COMMON_BLOCKS = YES;
				GCC_WARN_64_TO_32_BIT_CONVERSION = YES;
				GCC_WARN_ABOUT_RETURN_TYPE = YES_ERROR;
				GCC_WARN_UNDECLARED_SELECTOR = YES;
				GCC_WARN_UNINITIALIZED_AUTOS = YES_AGGRESSIVE;
				GCC_WARN_UNUSED_FUNCTION = YES;
				GCC_WARN_UNUSED_VARIABLE = YES;
				IPHONEOS_DEPLOYMENT_TARGET = 9.2;
				MTL_ENABLE_DEBUG_INFO = NO;
				SDKROOT = iphoneos;
				TARGETED_DEVICE_FAMILY = "1,2";
				VALIDATE_PRODUCT = YES;
			};
			name = Release;
		};
		3A5C5F8A1C5081350036F785 /* Debug */ = {
			isa = XCBuildConfiguration;
			buildSettings = {
				ASSETCATALOG_COMPILER_APPICON_NAME = AppIcon;
				INFOPLIST_FILE = Phlux/Info.plist;
				LD_RUNPATH_SEARCH_PATHS = "$(inherited) @executable_path/Frameworks";
				PRODUCT_BUNDLE_IDENTIFIER = com.henson.Phlux;
				PRODUCT_NAME = "$(TARGET_NAME)";
			};
			name = Debug;
		};
		3A5C5F8B1C5081350036F785 /* Release */ = {
			isa = XCBuildConfiguration;
			buildSettings = {
				ASSETCATALOG_COMPILER_APPICON_NAME = AppIcon;
				INFOPLIST_FILE = Phlux/Info.plist;
				LD_RUNPATH_SEARCH_PATHS = "$(inherited) @executable_path/Frameworks";
				PRODUCT_BUNDLE_IDENTIFIER = com.henson.Phlux;
				PRODUCT_NAME = "$(TARGET_NAME)";
			};
			name = Release;
		};
		3A5C5F8D1C5081350036F785 /* Debug */ = {
			isa = XCBuildConfiguration;
			buildSettings = {
				BUNDLE_LOADER = "$(TEST_HOST)";
				INFOPLIST_FILE = PhluxTests/Info.plist;
				LD_RUNPATH_SEARCH_PATHS = "$(inherited) @executable_path/Frameworks @loader_path/Frameworks";
				PRODUCT_BUNDLE_IDENTIFIER = com.henson.PhluxTests;
				PRODUCT_NAME = "$(TARGET_NAME)";
				TEST_HOST = "$(BUILT_PRODUCTS_DIR)/Phlux.app/Phlux";
			};
			name = Debug;
		};
		3A5C5F8E1C5081350036F785 /* Release */ = {
			isa = XCBuildConfiguration;
			buildSettings = {
				BUNDLE_LOADER = "$(TEST_HOST)";
				INFOPLIST_FILE = PhluxTests/Info.plist;
				LD_RUNPATH_SEARCH_PATHS = "$(inherited) @executable_path/Frameworks @loader_path/Frameworks";
				PRODUCT_BUNDLE_IDENTIFIER = com.henson.PhluxTests;
				PRODUCT_NAME = "$(TARGET_NAME)";
				TEST_HOST = "$(BUILT_PRODUCTS_DIR)/Phlux.app/Phlux";
			};
			name = Release;
		};
		3A5C5F901C5081350036F785 /* Debug */ = {
			isa = XCBuildConfiguration;
			buildSettings = {
				INFOPLIST_FILE = PhluxUITests/Info.plist;
				LD_RUNPATH_SEARCH_PATHS = "$(inherited) @executable_path/Frameworks @loader_path/Frameworks";
				PRODUCT_BUNDLE_IDENTIFIER = com.henson.PhluxUITests;
				PRODUCT_NAME = "$(TARGET_NAME)";
				TEST_TARGET_NAME = Phlux;
				USES_XCTRUNNER = YES;
			};
			name = Debug;
		};
		3A5C5F911C5081350036F785 /* Release */ = {
			isa = XCBuildConfiguration;
			buildSettings = {
				INFOPLIST_FILE = PhluxUITests/Info.plist;
				LD_RUNPATH_SEARCH_PATHS = "$(inherited) @executable_path/Frameworks @loader_path/Frameworks";
				PRODUCT_BUNDLE_IDENTIFIER = com.henson.PhluxUITests;
				PRODUCT_NAME = "$(TARGET_NAME)";
				TEST_TARGET_NAME = Phlux;
				USES_XCTRUNNER = YES;
			};
			name = Release;
		};
/* End XCBuildConfiguration section */

/* Begin XCConfigurationList section */
		3A5C5F5C1C5081350036F785 /* Build configuration list for PBXProject "Phlux" */ = {
			isa = XCConfigurationList;
			buildConfigurations = (
				3A5C5F871C5081350036F785 /* Debug */,
				3A5C5F881C5081350036F785 /* Release */,
			);
			defaultConfigurationIsVisible = 0;
			defaultConfigurationName = Release;
		};
		3A5C5F891C5081350036F785 /* Build configuration list for PBXNativeTarget "Phlux" */ = {
			isa = XCConfigurationList;
			buildConfigurations = (
				3A5C5F8A1C5081350036F785 /* Debug */,
				3A5C5F8B1C5081350036F785 /* Release */,
			);
			defaultConfigurationIsVisible = 0;
		};
		3A5C5F8C1C5081350036F785 /* Build configuration list for PBXNativeTarget "PhluxTests" */ = {
			isa = XCConfigurationList;
			buildConfigurations = (
				3A5C5F8D1C5081350036F785 /* Debug */,
				3A5C5F8E1C5081350036F785 /* Release */,
			);
			defaultConfigurationIsVisible = 0;
		};
		3A5C5F8F1C5081350036F785 /* Build configuration list for PBXNativeTarget "PhluxUITests" */ = {
			isa = XCConfigurationList;
			buildConfigurations = (
				3A5C5F901C5081350036F785 /* Debug */,
				3A5C5F911C5081350036F785 /* Release */,
			);
			defaultConfigurationIsVisible = 0;
		};
/* End XCConfigurationList section */
	};
	rootObject = 3A5C5F591C5081350036F785 /* Project object */;
}
